
Microsoft Visual Studio Solution File, Format Version 12.00
# Visual Studio 15
VisualStudioVersion = 15.0.28010.2016
MinimumVisualStudioVersion = 10.0.40219.1
Project("{FAE04EC0-301F-11D3-BF4B-00C04F79EFBC}") = "Instrument_Database_Test", "Instrument_Database_Test\Instrument_Database_Test.csproj", "{3F653E12-BC8C-4E14-A95C-9AC55E215C51}"
EndProject
Global
	GlobalSection(SolutionConfigurationPlatforms) = preSolution
		Debug|Any CPU = Debug|Any CPU
		Release|Any CPU = Release|Any CPU
	EndGlobalSection
	GlobalSection(ProjectConfigurationPlatforms) = postSolution
		{3F653E12-BC8C-4E14-A95C-9AC55E215C51}.Debug|Any CPU.ActiveCfg = Debug|Any CPU
		{3F653E12-BC8C-4E14-A95C-9AC55E215C51}.Debug|Any CPU.Build.0 = Debug|Any CPU
		{3F653E12-BC8C-4E14-A95C-9AC55E215C51}.Release|Any CPU.ActiveCfg = Release|Any CPU
		{3F653E12-BC8C-4E14-A95C-9AC55E215C51}.Release|Any CPU.Build.0 = Release|Any CPU
	EndGlobalSection
	GlobalSection(SolutionProperties) = preSolution
		HideSolutionNode = FALSE
	EndGlobalSection
	GlobalSection(ExtensibilityGlobals) = postSolution
		SolutionGuid = {5142BF19-C22E-421C-A1C8-6DE97F2BC5CE}
	EndGlobalSection
EndGlobal
